# Generated by pub
# See http://pub.dartlang.org/doc/glossary.html#lockfile
packages:
  fixnum:
    description:
      name: fixnum
      url: "https://pub.dartlang.org"
    source: hosted
    version: "0.10.7"
  protobuf:
    description:
      name: protobuf
      url: "https://pub.dartlang.org"
    source: hosted
    version: "0.7.2"
sdks:
  dart: ">=1.21.0 <2.0.0"
